// !$*UTF8*$!
{
	archiveVersion = 1;
	classes = {
	};
	objectVersion = 48;
	objects = {

/* Begin PBXBuildFile section */
		D04E829F202CAC6B0063DE45 /* AppDelegate.swift in Sources */ = {isa = PBXBuildFile; fileRef = D04E829E202CAC6B0063DE45 /* AppDelegate.swift */; };
		D04E82A1202CAC6B0063DE45 /* ViewController.swift in Sources */ = {isa = PBXBuildFile; fileRef = D04E82A0202CAC6B0063DE45 /* ViewController.swift */; };
		D04E82A4202CAC6B0063DE45 /* Main.storyboard in Resources */ = {isa = PBXBuildFile; fileRef = D04E82A2202CAC6B0063DE45 /* Main.storyboard */; };
		D04E82A6202CAC6B0063DE45 /* Assets.xcassets in Resources */ = {isa = PBXBuildFile; fileRef = D04E82A5202CAC6B0063DE45 /* Assets.xcassets */; };
		D04E82A9202CAC6B0063DE45 /* LaunchScreen.storyboard in Resources */ = {isa = PBXBuildFile; fileRef = D04E82A7202CAC6B0063DE45 /* LaunchScreen.storyboard */; };
/* End PBXBuildFile section */

/* Begin PBXFileReference section */
		D04E829B202CAC6B0063DE45 /* MapKitSimpleExample.app */ = {isa = PBXFileReference; explicitFileType = wrapper.application; includeInIndex = 0; path = MapKitSimpleExample.app; sourceTree = BUILT_PRODUCTS_DIR; };
		D04E829E202CAC6B0063DE45 /* AppDelegate.swift */ = {isa = PBXFileReference; lastKnownFileType = sourcecode.swift; path = AppDelegate.swift; sourceTree = "<group>"; };
		D04E82A0202CAC6B0063DE45 /* ViewController.swift */ = {isa = PBXFileReference; lastKnownFileType = sourcecode.swift; path = ViewController.swift; sourceTree = "<group>"; };
		D04E82A3202CAC6B0063DE45 /* Base */ = {isa = PBXFileReference; lastKnownFileType = file.storyboard; name = Base; path = Base.lproj/Main.storyboard; sourceTree = "<group>"; };
		D04E82A5202CAC6B0063DE45 /* Assets.xcassets */ = {isa = PBXFileReference; lastKnownFileType = folder.assetcatalog; path = Assets.xcassets; sourceTree = "<group>"; };
		D04E82A8202CAC6B0063DE45 /* Base */ = {isa = PBXFileReference; lastKnownFileType = file.storyboard; name = Base; path = Base.lproj/LaunchScreen.storyboard; sourceTree = "<group>"; };
		D04E82AA202CAC6B0063DE45 /* Info.plist */ = {isa = PBXFileReference; lastKnownFileType = text.plist.xml; path = Info.plist; sourceTree = "<group>"; };
/* End PBXFileReference section */

/* Begin PBXFrameworksBuildPhase section */
		D04E8298202CAC6B0063DE45 /* Frameworks */ = {
			isa = PBXFrameworksBuildPhase;
			buildActionMask = 2147483647;
			files = (
			);
			runOnlyForDeploymentPostprocessing = 0;
		};
/* End PBXFrameworksBuildPhase section */

/* Begin PBXGroup section */
		D04E8292202CAC6B0063DE45 = {
			isa = PBXGroup;
			children = (
				D04E829D202CAC6B0063DE45 /* MapKitSimpleExample */,
			);
			sourceTree = "<group>";
		};
		D04E829C202CAC6B0063DE45 /* Products */ = {
			isa = PBXGroup;
			children = (
				D04E829B202CAC6B0063DE45 /* MapKitSimpleExample.app */,
			);
			name = Products;
			path = ../..;
			sourceTree = "<group>";
		};
		D04E829D202CAC6B0063DE45 /* MapKitSimpleExample */ = {
			isa = PBXGroup;
			children = (
				D04E82B3202CB1CF0063DE45 /* ImagesFiles */,
				D04E82B1202CB1640063DE45 /* LayoutViews */,
				D04E82B0202CB1590063DE45 /* Controller */,
				D04E82B2202CB1720063DE45 /* SupportingFiles */,
			);
			path = MapKitSimpleExample;
			sourceTree = "<group>";
		};
		D04E82B0202CB1590063DE45 /* Controller */ = {
			isa = PBXGroup;
			children = (
				D04E82A0202CAC6B0063DE45 /* ViewController.swift */,
			);
			path = Controller;
			sourceTree = "<group>";
		};
		D04E82B1202CB1640063DE45 /* LayoutViews */ = {
			isa = PBXGroup;
			children = (
				D04E82A7202CAC6B0063DE45 /* LaunchScreen.storyboard */,
				D04E82A2202CAC6B0063DE45 /* Main.storyboard */,
			);
			path = LayoutViews;
			sourceTree = "<group>";
		};
		D04E82B2202CB1720063DE45 /* SupportingFiles */ = {
			isa = PBXGroup;
			children = (
				D04E829C202CAC6B0063DE45 /* Products */,
				D04E829E202CAC6B0063DE45 /* AppDelegate.swift */,
				D04E82AA202CAC6B0063DE45 /* Info.plist */,
			);
			path = SupportingFiles;
			sourceTree = "<group>";
		};
		D04E82B3202CB1CF0063DE45 /* ImagesFiles */ = {
			isa = PBXGroup;
			children = (
				D04E82A5202CAC6B0063DE45 /* Assets.xcassets */,
			);
			path = ImagesFiles;
			sourceTree = "<group>";
		};
/* End PBXGroup section */

/* Begin PBXNativeTarget section */
		D04E829A202CAC6B0063DE45 /* MapKitSimpleExample */ = {
			isa = PBXNativeTarget;
			buildConfigurationList = D04E82AD202CAC6B0063DE45 /* Build configuration list for PBXNativeTarget "MapKitSimpleExample" */;
			buildPhases = (
				D04E8297202CAC6B0063DE45 /* Sources */,
				D04E8298202CAC6B0063DE45 /* Frameworks */,
				D04E8299202CAC6B0063DE45 /* Resources */,
			);
			buildRules = (
			);
			dependencies = (
			);
			name = MapKitSimpleExample;
			productName = MapKitSimpleExample;
			productReference = D04E829B202CAC6B0063DE45 /* MapKitSimpleExample.app */;
			productType = "com.apple.product-type.application";
		};
/* End PBXNativeTarget section */

/* Begin PBXProject section */
		D04E8293202CAC6B0063DE45 /* Project object */ = {
			isa = PBXProject;
			attributes = {
				LastSwiftUpdateCheck = 0920;
				LastUpgradeCheck = 0920;
				ORGANIZATIONNAME = "MACBOOK AIR";
				TargetAttributes = {
					D04E829A202CAC6B0063DE45 = {
						CreatedOnToolsVersion = 9.2;
						ProvisioningStyle = Automatic;
					};
				};
			};
			buildConfigurationList = D04E8296202CAC6B0063DE45 /* Build configuration list for PBXProject "MapKitSimpleExample" */;
			compatibilityVersion = "Xcode 8.0";
			developmentRegion = en;
			hasScannedForEncodings = 0;
			knownRegions = (
				en,
				Base,
			);
			mainGroup = D04E8292202CAC6B0063DE45;
			productRefGroup = D04E829C202CAC6B0063DE45 /* Products */;
			projectDirPath = "";
			projectRoot = "";
			targets = (
				D04E829A202CAC6B0063DE45 /* MapKitSimpleExample */,
			);
		};
/* End PBXProject section */

/* Begin PBXResourcesBuildPhase section */
		D04E8299202CAC6B0063DE45 /* Resources */ = {
			isa = PBXResourcesBuildPhase;
			buildActionMask = 2147483647;
			files = (
				D04E82A9202CAC6B0063DE45 /* LaunchScreen.storyboard in Resources */,
				D04E82A6202CAC6B0063DE45 /* Assets.xcassets in Resources */,
				D04E82A4202CAC6B0063DE45 /* Main.storyboard in Resources */,
			);
			runOnlyForDeploymentPostprocessing = 0;
		};
/* End PBXResourcesBuildPhase section */

/* Begin PBXSourcesBuildPhase section */
		D04E8297202CAC6B0063DE45 /* Sources */ = {
			isa = PBXSourcesBuildPhase;
			buildActionMask = 2147483647;
			files = (
				D04E82A1202CAC6B0063DE45 /* ViewController.swift in Sources */,
				D04E829F202CAC6B0063DE45 /* AppDelegate.swift in Sources */,
			);
			runOnlyForDeploymentPostprocessing = 0;
		};
/* End PBXSourcesBuildPhase section */

/* Begin PBXVariantGroup section */
		D04E82A2202CAC6B0063DE45 /* Main.storyboard */ = {
			isa = PBXVariantGroup;
			children = (
				D04E82A3202CAC6B0063DE45 /* Base */,
			);
			name = Main.storyboard;
			sourceTree = "<group>";
		};
		D04E82A7202CAC6B0063DE45 /* LaunchScreen.storyboard */ = {
			isa = PBXVariantGroup;
			children = (
				D04E82A8202CAC6B0063DE45 /* Base */,
			);
			name = LaunchScreen.storyboard;
			sourceTree = "<group>";
		};
/* End PBXVariantGroup section */

/* Begin XCBuildConfiguration section */
		D04E82AB202CAC6B0063DE45 /* Debug */ = {
			isa = XCBuildConfiguration;
			buildSettings = {
				ALWAYS_SEARCH_USER_PATHS = NO;
				CLANG_ANALYZER_NONNULL = YES;
				CLANG_ANALYZER_NUMBER_OBJECT_CONVERSION = YES_AGGRESSIVE;
				CLANG_CXX_LANGUAGE_STANDARD = "gnu++14";
				CLANG_CXX_LIBRARY = "libc++";
				CLANG_ENABLE_MODULES = YES;
				CLANG_ENABLE_OBJC_ARC = YES;
				CLANG_WARN_BLOCK_CAPTURE_AUTORELEASING = YES;
				CLANG_WARN_BOOL_CONVERSION = YES;
				CLANG_WARN_COMMA = YES;
				CLANG_WARN_CONSTANT_CONVERSION = YES;
				CLANG_WARN_DIRECT_OBJC_ISA_USAGE = YES_ERROR;
				CLANG_WARN_DOCUMENTATION_COMMENTS = YES;
				CLANG_WARN_EMPTY_BODY = YES;
				CLANG_WARN_ENUM_CONVERSION = YES;
				CLANG_WARN_INFINITE_RECURSION = YES;
				CLANG_WARN_INT_CONVERSION = YES;
				CLANG_WARN_NON_LITERAL_NULL_CONVERSION = YES;
				CLANG_WARN_OBJC_LITERAL_CONVERSION = YES;
				CLANG_WARN_OBJC_ROOT_CLASS = YES_ERROR;
				CLANG_WARN_RANGE_LOOP_ANALYSIS = YES;
				CLANG_WARN_STRICT_PROTOTYPES = YES;
				CLANG_WARN_SUSPICIOUS_MOVE = YES;
				CLANG_WARN_UNGUARDED_AVAILABILITY = YES_AGGRESSIVE;
				CLANG_WARN_UNREACHABLE_CODE = YES;
				CLANG_WARN__DUPLICATE_METHOD_MATCH = YES;
				CODE_SIGN_IDENTITY = "iPhone Developer";
				COPY_PHASE_STRIP = NO;
				DEBUG_INFORMATION_FORMAT = dwarf;
				ENABLE_STRICT_OBJC_MSGSEND = YES;
				ENABLE_TESTABILITY = YES;
				GCC_C_LANGUAGE_STANDARD = gnu11;
				GCC_DYNAMIC_NO_PIC = NO;
				GCC_NO_COMMON_BLOCKS = YES;
				GCC_OPTIMIZATION_LEVEL = 0;
				GCC_PREPROCESSOR_DEFINITIONS = (
					"DEBUG=1",
					"$(inherited)",
				);
				GCC_WARN_64_TO_32_BIT_CONVERSION = YES;
				GCC_WARN_ABOUT_RETURN_TYPE = YES_ERROR;
				GCC_WARN_UNDECLARED_SELECTOR = YES;
				GCC_WARN_UNINITIALIZED_AUTOS = YES_AGGRESSIVE;
				GCC_WARN_UNUSED_FUNCTION = YES;
				GCC_WARN_UNUSED_VARIABLE = YES;
				IPHONEOS_DEPLOYMENT_TARGET = 11.2;
				MTL_ENABLE_DEBUG_INFO = YES;
				ONLY_ACTIVE_ARCH = YES;
				SDKROOT = iphoneos;
				SWIFT_ACTIVE_COMPILATION_CONDITIONS = DEBUG;
				SWIFT_OPTIMIZATION_LEVEL = "-Onone";
			};
			name = Debug;
		};
		D04E82AC202CAC6B0063DE45 /* Release */ = {
			isa = XCBuildConfiguration;
			buildSettings = {
				ALWAYS_SEARCH_USER_PATHS = NO;
				CLANG_ANALYZER_NONNULL = YES;
				CLANG_ANALYZER_NUMBER_OBJECT_CONVERSION = YES_AGGRESSIVE;
				CLANG_CXX_LANGUAGE_STANDARD = "gnu++14";
				CLANG_CXX_LIBRARY = "libc++";
				CLANG_ENABLE_MODULES = YES;
				CLANG_ENABLE_OBJC_ARC = YES;
				CLANG_WARN_BLOCK_CAPTURE_AUTORELEASING = YES;
				CLANG_WARN_BOOL_CONVERSION = YES;
				CLANG_WARN_COMMA = YES;
				CLANG_WARN_CONSTANT_CONVERSION = YES;
				CLANG_WARN_DIRECT_OBJC_ISA_USAGE = YES_ERROR;
				CLANG_WARN_DOCUMENTATION_COMMENTS = YES;
				CLANG_WARN_EMPTY_BODY = YES;
				CLANG_WARN_ENUM_CONVERSION = YES;
				CLANG_WARN_INFINITE_RECURSION = YES;
				CLANG_WARN_INT_CONVERSION = YES;
				CLANG_WARN_NON_LITERAL_NULL_CONVERSION = YES;
				CLANG_WARN_OBJC_LITERAL_CONVERSION = YES;
				CLANG_WARN_OBJC_ROOT_CLASS = YES_ERROR;
				CLANG_WARN_RANGE_LOOP_ANALYSIS = YES;
				CLANG_WARN_STRICT_PROTOTYPES = YES;
				CLANG_WARN_SUSPICIOUS_MOVE = YES;
				CLANG_WARN_UNGUARDED_AVAILABILITY = YES_AGGRESSIVE;
				CLANG_WARN_UNREACHABLE_CODE = YES;
				CLANG_WARN__DUPLICATE_METHOD_MATCH = YES;
				CODE_SIGN_IDENTITY = "iPhone Developer";
				COPY_PHASE_STRIP = NO;
				DEBUG_INFORMATION_FORMAT = "dwarf-with-dsym";
				ENABLE_NS_ASSERTIONS = NO;
				ENABLE_STRICT_OBJC_MSGSEND = YES;
				GCC_C_LANGUAGE_STANDARD = gnu11;
				GCC_NO_COMMON_BLOCKS = YES;
				GCC_WARN_64_TO_32_BIT_CONVERSION = YES;
				GCC_WARN_ABOUT_RETURN_TYPE = YES_ERROR;
				GCC_WARN_UNDECLARED_SELECTOR = YES;
				GCC_WARN_UNINITIALIZED_AUTOS = YES_AGGRESSIVE;
				GCC_WARN_UNUSED_FUNCTION = YES;
				GCC_WARN_UNUSED_VARIABLE = YES;
				IPHONEOS_DEPLOYMENT_TARGET = 11.2;
				MTL_ENABLE_DEBUG_INFO = NO;
				SDKROOT = iphoneos;
				SWIFT_OPTIMIZATION_LEVEL = "-Owholemodule";
				VALIDATE_PRODUCT = YES;
			};
			name = Release;
		};
		D04E82AE202CAC6B0063DE45 /* Debug */ = {
			isa = XCBuildConfiguration;
			buildSettings = {
				ASSETCATALOG_COMPILER_APPICON_NAME = AppIcon;
				CODE_SIGN_STYLE = Automatic;
				DEVELOPMENT_TEAM = 3MSY48RE9K;
				INFOPLIST_FILE = "$(SRCROOT)/MapKitSimpleExample/SupportingFiles/Info.plist";
				LD_RUNPATH_SEARCH_PATHS = "$(inherited) @executable_path/Frameworks";
				PRODUCT_BUNDLE_IDENTIFIER = com.tamagoshi.MapKitSimpleExample;
				PRODUCT_NAME = "$(TARGET_NAME)";
				SWIFT_VERSION = 4.0;
				TARGETED_DEVICE_FAMILY = "1,2";
			};
			name = Debug;
		};
		D04E82AF202CAC6B0063DE45 /* Release */ = {
			isa = XCBuildConfiguration;
			buildSettings = {
				ASSETCATALOG_COMPILER_APPICON_NAME = AppIcon;
				CODE_SIGN_STYLE = Automatic;
				DEVELOPMENT_TEAM = 3MSY48RE9K;
				INFOPLIST_FILE = "$(SRCROOT)/MapKitSimpleExample/SupportingFiles/Info.plist";
				LD_RUNPATH_SEARCH_PATHS = "$(inherited) @executable_path/Frameworks";
				PRODUCT_BUNDLE_IDENTIFIER = com.tamagoshi.MapKitSimpleExample;
				PRODUCT_NAME = "$(TARGET_NAME)";
				SWIFT_VERSION = 4.0;
				TARGETED_DEVICE_FAMILY = "1,2";
			};
			name = Release;
		};
/* End XCBuildConfiguration section */

/* Begin XCConfigurationList section */
		D04E8296202CAC6B0063DE45 /* Build configuration list for PBXProject "MapKitSimpleExample" */ = {
			isa = XCConfigurationList;
			buildConfigurations = (
				D04E82AB202CAC6B0063DE45 /* Debug */,
				D04E82AC202CAC6B0063DE45 /* Release */,
			);
			defaultConfigurationIsVisible = 0;
			defaultConfigurationName = Release;
		};
		D04E82AD202CAC6B0063DE45 /* Build configuration list for PBXNativeTarget "MapKitSimpleExample" */ = {
			isa = XCConfigurationList;
			buildConfigurations = (
				D04E82AE202CAC6B0063DE45 /* Debug */,
				D04E82AF202CAC6B0063DE45 /* Release */,
			);
			defaultConfigurationIsVisible = 0;
			defaultConfigurationName = Release;
		};
/* End XCConfigurationList section */
	};
	rootObject = D04E8293202CAC6B0063DE45 /* Project object */;
}
